
Microsoft Visual Studio Solution File, Format Version 12.00
# Visual Studio Version 17
VisualStudioVersion = 17.1.32328.378
MinimumVisualStudioVersion = 10.0.40219.1
Project("{2150E333-8FDC-42A3-9474-1A3956D46DE8}") = "Presentation Layer", "Presentation Layer", "{845CED61-102A-4B3F-8D76-40C19569F2BE}"
EndProject
Project("{2150E333-8FDC-42A3-9474-1A3956D46DE8}") = "Windows Forms", "Windows Forms", "{5503A852-12A6-4396-8A05-3BE62450FDC9}"
EndProject
Project("{FAE04EC0-301F-11D3-BF4B-00C04F79EFBC}") = "AGROTIS.PLWF", "AGROTIS.PLWF\AGROTIS.PLWF.csproj", "{8C627B9B-C165-40F7-91B8-A0CE4D1CD4D0}"
EndProject
Project("{2150E333-8FDC-42A3-9474-1A3956D46DE8}") = "Common Utility Layer - CUL", "Common Utility Layer - CUL", "{C6B8E212-CABE-430D-84E8-C3B2A1DAD219}"
EndProject
Project("{2150E333-8FDC-42A3-9474-1A3956D46DE8}") = "Bussiness Logic Layer - BLL", "Bussiness Logic Layer - BLL", "{26136EEF-7F1B-45B9-BE48-29EE62878F19}"
EndProject
Project("{2150E333-8FDC-42A3-9474-1A3956D46DE8}") = "Data Access Layer - DAL", "Data Access Layer - DAL", "{02FF9B2C-5316-4269-9C7E-5800F204A00D}"
EndProject
Project("{FAE04EC0-301F-11D3-BF4B-00C04F79EFBC}") = "AGROTIS.CUL", "AGROTIS\AGROTIS.CUL.csproj", "{6DECDAF0-51F7-4B48-88BB-0F94B7ED3789}"
EndProject
Project("{FAE04EC0-301F-11D3-BF4B-00C04F79EFBC}") = "AGROTIS.DAL", "AGROTIS.DAL\AGROTIS.DAL.csproj", "{F0C24734-BA2B-4472-A205-959A2DFC6ED5}"
EndProject
Project("{FAE04EC0-301F-11D3-BF4B-00C04F79EFBC}") = "AGROTIS.BLL", "AGROTIS.BLL\AGROTIS.BLL.csproj", "{CCAF367C-3325-4F61-9CBF-72DC4D95799C}"
EndProject
Global
	GlobalSection(SolutionConfigurationPlatforms) = preSolution
		Debug|Any CPU = Debug|Any CPU
		Release|Any CPU = Release|Any CPU
	EndGlobalSection
	GlobalSection(ProjectConfigurationPlatforms) = postSolution
		{8C627B9B-C165-40F7-91B8-A0CE4D1CD4D0}.Debug|Any CPU.ActiveCfg = Debug|Any CPU
		{8C627B9B-C165-40F7-91B8-A0CE4D1CD4D0}.Debug|Any CPU.Build.0 = Debug|Any CPU
		{8C627B9B-C165-40F7-91B8-A0CE4D1CD4D0}.Release|Any CPU.ActiveCfg = Release|Any CPU
		{8C627B9B-C165-40F7-91B8-A0CE4D1CD4D0}.Release|Any CPU.Build.0 = Release|Any CPU
		{6DECDAF0-51F7-4B48-88BB-0F94B7ED3789}.Debug|Any CPU.ActiveCfg = Debug|Any CPU
		{6DECDAF0-51F7-4B48-88BB-0F94B7ED3789}.Debug|Any CPU.Build.0 = Debug|Any CPU
		{6DECDAF0-51F7-4B48-88BB-0F94B7ED3789}.Release|Any CPU.ActiveCfg = Release|Any CPU
		{6DECDAF0-51F7-4B48-88BB-0F94B7ED3789}.Release|Any CPU.Build.0 = Release|Any CPU
		{F0C24734-BA2B-4472-A205-959A2DFC6ED5}.Debug|Any CPU.ActiveCfg = Debug|Any CPU
		{F0C24734-BA2B-4472-A205-959A2DFC6ED5}.Debug|Any CPU.Build.0 = Debug|Any CPU
		{F0C24734-BA2B-4472-A205-959A2DFC6ED5}.Release|Any CPU.ActiveCfg = Release|Any CPU
		{F0C24734-BA2B-4472-A205-959A2DFC6ED5}.Release|Any CPU.Build.0 = Release|Any CPU
		{CCAF367C-3325-4F61-9CBF-72DC4D95799C}.Debug|Any CPU.ActiveCfg = Debug|Any CPU
		{CCAF367C-3325-4F61-9CBF-72DC4D95799C}.Debug|Any CPU.Build.0 = Debug|Any CPU
		{CCAF367C-3325-4F61-9CBF-72DC4D95799C}.Release|Any CPU.ActiveCfg = Release|Any CPU
		{CCAF367C-3325-4F61-9CBF-72DC4D95799C}.Release|Any CPU.Build.0 = Release|Any CPU
	EndGlobalSection
	GlobalSection(SolutionProperties) = preSolution
		HideSolutionNode = FALSE
	EndGlobalSection
	GlobalSection(NestedProjects) = preSolution
		{5503A852-12A6-4396-8A05-3BE62450FDC9} = {845CED61-102A-4B3F-8D76-40C19569F2BE}
		{8C627B9B-C165-40F7-91B8-A0CE4D1CD4D0} = {5503A852-12A6-4396-8A05-3BE62450FDC9}
		{6DECDAF0-51F7-4B48-88BB-0F94B7ED3789} = {C6B8E212-CABE-430D-84E8-C3B2A1DAD219}
		{F0C24734-BA2B-4472-A205-959A2DFC6ED5} = {02FF9B2C-5316-4269-9C7E-5800F204A00D}
		{CCAF367C-3325-4F61-9CBF-72DC4D95799C} = {26136EEF-7F1B-45B9-BE48-29EE62878F19}
	EndGlobalSection
	GlobalSection(ExtensibilityGlobals) = postSolution
		SolutionGuid = {6DD878FE-88EA-4202-9B0E-222BDBF72F18}
	EndGlobalSection
EndGlobal
